
Microsoft Visual Studio Solution File, Format Version 11.00
# Visual Studio 2010
Project("{FAE04EC0-301F-11D3-BF4B-00C04F79EFBC}") = "TruantDemo", "TruantDemo\TruantDemo.csproj", "{600BAA44-FA93-48DA-BE37-61F4BA9B5EEA}"
EndProject
Project("{FAE04EC0-301F-11D3-BF4B-00C04F79EFBC}") = "Truant", "Truant\Truant.csproj", "{9011A0CE-9A66-4066-83DA-7A4C2601B2F6}"
EndProject
Project("{FAE04EC0-301F-11D3-BF4B-00C04F79EFBC}") = "Tests", "Tests\Tests\Tests.csproj", "{988592D0-BB8C-4463-AEEB-8B4B210BA3E0}"
EndProject
Global
	GlobalSection(SolutionConfigurationPlatforms) = preSolution
		Debug|x86 = Debug|x86
		Release|x86 = Release|x86
	EndGlobalSection
	GlobalSection(ProjectConfigurationPlatforms) = postSolution
		{600BAA44-FA93-48DA-BE37-61F4BA9B5EEA}.Debug|x86.ActiveCfg = Debug|x86
		{600BAA44-FA93-48DA-BE37-61F4BA9B5EEA}.Debug|x86.Build.0 = Debug|x86
		{600BAA44-FA93-48DA-BE37-61F4BA9B5EEA}.Release|x86.ActiveCfg = Release|x86
		{600BAA44-FA93-48DA-BE37-61F4BA9B5EEA}.Release|x86.Build.0 = Release|x86
		{9011A0CE-9A66-4066-83DA-7A4C2601B2F6}.Debug|x86.ActiveCfg = Debug|Any CPU
		{9011A0CE-9A66-4066-83DA-7A4C2601B2F6}.Debug|x86.Build.0 = Debug|Any CPU
		{9011A0CE-9A66-4066-83DA-7A4C2601B2F6}.Release|x86.ActiveCfg = Release|Any CPU
		{9011A0CE-9A66-4066-83DA-7A4C2601B2F6}.Release|x86.Build.0 = Release|Any CPU
		{988592D0-BB8C-4463-AEEB-8B4B210BA3E0}.Debug|x86.ActiveCfg = Debug|Any CPU
		{988592D0-BB8C-4463-AEEB-8B4B210BA3E0}.Debug|x86.Build.0 = Debug|Any CPU
		{988592D0-BB8C-4463-AEEB-8B4B210BA3E0}.Release|x86.ActiveCfg = Release|Any CPU
		{988592D0-BB8C-4463-AEEB-8B4B210BA3E0}.Release|x86.Build.0 = Release|Any CPU
	EndGlobalSection
	GlobalSection(MonoDevelopProperties) = preSolution
		StartupItem = TruantDemo\TruantDemo.csproj
		Policies = $0
		$0.TextStylePolicy = $1
		$1.EolMarker = Unix
		$1.scope = text/x-csharp
		$0.CSharpFormattingPolicy = $2
		$2.NewLinesForBracesInProperties = False
		$2.NewLinesForBracesInAccessors = False
		$2.NewLinesForBracesInAnonymousMethods = False
		$2.NewLinesForBracesInControlBlocks = False
		$2.NewLinesForBracesInAnonymousTypes = False
		$2.NewLinesForBracesInObjectCollectionArrayInitializers = False
		$2.NewLinesForBracesInLambdaExpressionBody = False
		$2.NewLineForElse = False
		$2.NewLineForCatch = False
		$2.NewLineForFinally = False
		$2.NewLineForMembersInObjectInit = False
		$2.NewLineForMembersInAnonymousTypes = False
		$2.NewLineForClausesInQuery = False
		$2.scope = text/x-csharp
	EndGlobalSection
EndGlobal
